
Microsoft Visual Studio Solution File, Format Version 12.00
# Visual Studio Version 17
VisualStudioVersion = 17.5.33424.131
MinimumVisualStudioVersion = 10.0.40219.1
Project("{9A19103F-16F7-4668-BE54-9A1E7A4F7556}") = "Task 1", "Task 1\Task 1.csproj", "{2E68C2E1-5DC0-4CD5-BDB1-93E663DB7108}"
EndProject
Project("{9A19103F-16F7-4668-BE54-9A1E7A4F7556}") = "Task 2", "Task 2\Task 2.csproj", "{8D965DA5-1202-4B60-8C36-91BA35D91D5C}"
EndProject
Project("{9A19103F-16F7-4668-BE54-9A1E7A4F7556}") = "Task 3 and 4", "Task 3 and 4\Task 3 and 4.csproj", "{E862BEFC-6391-4471-A8DE-ADFB64FAFC7D}"
EndProject
Project("{9A19103F-16F7-4668-BE54-9A1E7A4F7556}") = "Task 5", "Task 5\Task 5.csproj", "{35D581F2-6F6C-4DBE-A121-643CB71DCFC4}"
EndProject
Project("{9A19103F-16F7-4668-BE54-9A1E7A4F7556}") = "Task 6", "Task 6\Task 6.csproj", "{EBF929E4-23A6-43FE-8CBD-74786F8D1069}"
EndProject
Global
	GlobalSection(SolutionConfigurationPlatforms) = preSolution
		Debug|Any CPU = Debug|Any CPU
		Release|Any CPU = Release|Any CPU
	EndGlobalSection
	GlobalSection(ProjectConfigurationPlatforms) = postSolution
		{2E68C2E1-5DC0-4CD5-BDB1-93E663DB7108}.Debug|Any CPU.ActiveCfg = Debug|Any CPU
		{2E68C2E1-5DC0-4CD5-BDB1-93E663DB7108}.Debug|Any CPU.Build.0 = Debug|Any CPU
		{2E68C2E1-5DC0-4CD5-BDB1-93E663DB7108}.Release|Any CPU.ActiveCfg = Release|Any CPU
		{2E68C2E1-5DC0-4CD5-BDB1-93E663DB7108}.Release|Any CPU.Build.0 = Release|Any CPU
		{8D965DA5-1202-4B60-8C36-91BA35D91D5C}.Debug|Any CPU.ActiveCfg = Debug|Any CPU
		{8D965DA5-1202-4B60-8C36-91BA35D91D5C}.Debug|Any CPU.Build.0 = Debug|Any CPU
		{8D965DA5-1202-4B60-8C36-91BA35D91D5C}.Release|Any CPU.ActiveCfg = Release|Any CPU
		{8D965DA5-1202-4B60-8C36-91BA35D91D5C}.Release|Any CPU.Build.0 = Release|Any CPU
		{E862BEFC-6391-4471-A8DE-ADFB64FAFC7D}.Debug|Any CPU.ActiveCfg = Debug|Any CPU
		{E862BEFC-6391-4471-A8DE-ADFB64FAFC7D}.Debug|Any CPU.Build.0 = Debug|Any CPU
		{E862BEFC-6391-4471-A8DE-ADFB64FAFC7D}.Release|Any CPU.ActiveCfg = Release|Any CPU
		{E862BEFC-6391-4471-A8DE-ADFB64FAFC7D}.Release|Any CPU.Build.0 = Release|Any CPU
		{35D581F2-6F6C-4DBE-A121-643CB71DCFC4}.Debug|Any CPU.ActiveCfg = Debug|Any CPU
		{35D581F2-6F6C-4DBE-A121-643CB71DCFC4}.Debug|Any CPU.Build.0 = Debug|Any CPU
		{35D581F2-6F6C-4DBE-A121-643CB71DCFC4}.Release|Any CPU.ActiveCfg = Release|Any CPU
		{35D581F2-6F6C-4DBE-A121-643CB71DCFC4}.Release|Any CPU.Build.0 = Release|Any CPU
		{EBF929E4-23A6-43FE-8CBD-74786F8D1069}.Debug|Any CPU.ActiveCfg = Debug|Any CPU
		{EBF929E4-23A6-43FE-8CBD-74786F8D1069}.Debug|Any CPU.Build.0 = Debug|Any CPU
		{EBF929E4-23A6-43FE-8CBD-74786F8D1069}.Release|Any CPU.ActiveCfg = Release|Any CPU
		{EBF929E4-23A6-43FE-8CBD-74786F8D1069}.Release|Any CPU.Build.0 = Release|Any CPU
	EndGlobalSection
	GlobalSection(SolutionProperties) = preSolution
		HideSolutionNode = FALSE
	EndGlobalSection
	GlobalSection(ExtensibilityGlobals) = postSolution
		SolutionGuid = {A3C0853A-45A9-40B4-AED7-15DECB86CCA1}
	EndGlobalSection
EndGlobal
